
Microsoft Visual Studio Solution File, Format Version 12.00
# Visual Studio Version 17
VisualStudioVersion = 17.5.33424.131
MinimumVisualStudioVersion = 10.0.40219.1
Project("{FAE04EC0-301F-11D3-BF4B-00C04F79EFBC}") = "ModifyDatabaseProgram", "ModifyDatabaseProgram\ModifyDatabaseProgram.csproj", "{FED428B6-0CC1-4706-8278-75867F5EDDFF}"
EndProject
Global
	GlobalSection(SolutionConfigurationPlatforms) = preSolution
		Debug|Any CPU = Debug|Any CPU
		Release|Any CPU = Release|Any CPU
	EndGlobalSection
	GlobalSection(ProjectConfigurationPlatforms) = postSolution
		{FED428B6-0CC1-4706-8278-75867F5EDDFF}.Debug|Any CPU.ActiveCfg = Debug|Any CPU
		{FED428B6-0CC1-4706-8278-75867F5EDDFF}.Debug|Any CPU.Build.0 = Debug|Any CPU
		{FED428B6-0CC1-4706-8278-75867F5EDDFF}.Release|Any CPU.ActiveCfg = Release|Any CPU
		{FED428B6-0CC1-4706-8278-75867F5EDDFF}.Release|Any CPU.Build.0 = Release|Any CPU
	EndGlobalSection
	GlobalSection(SolutionProperties) = preSolution
		HideSolutionNode = FALSE
	EndGlobalSection
	GlobalSection(ExtensibilityGlobals) = postSolution
		SolutionGuid = {DBFB914B-EA97-462A-B092-320E9CDD402F}
	EndGlobalSection
EndGlobal
